
Microsoft Visual Studio Solution File, Format Version 12.00
# Visual Studio 14
VisualStudioVersion = 14.0.25420.1
MinimumVisualStudioVersion = 10.0.40219.1
Project("{FAE04EC0-301F-11D3-BF4B-00C04F79EFBC}") = "TCPServer", "Server\TCPServer.csproj", "{FEEA9524-DA83-4A51-AFD6-FFE2C82875A8}"
EndProject
Project("{FAE04EC0-301F-11D3-BF4B-00C04F79EFBC}") = "TCPClient", "Client\TCPClient.csproj", "{09E08371-9871-4DF0-BD9C-256A5E1BF8C0}"
EndProject
Project("{FAE04EC0-301F-11D3-BF4B-00C04F79EFBC}") = "UnitTestProject", "UnitTestProject\UnitTestProject.csproj", "{F8FE6872-4737-4B95-8B0C-CC9C3CD08916}"
EndProject
Global
	GlobalSection(SolutionConfigurationPlatforms) = preSolution
		Debug|Any CPU = Debug|Any CPU
		Release|Any CPU = Release|Any CPU
	EndGlobalSection
	GlobalSection(ProjectConfigurationPlatforms) = postSolution
		{FEEA9524-DA83-4A51-AFD6-FFE2C82875A8}.Debug|Any CPU.ActiveCfg = Debug|Any CPU
		{FEEA9524-DA83-4A51-AFD6-FFE2C82875A8}.Debug|Any CPU.Build.0 = Debug|Any CPU
		{FEEA9524-DA83-4A51-AFD6-FFE2C82875A8}.Release|Any CPU.ActiveCfg = Release|Any CPU
		{FEEA9524-DA83-4A51-AFD6-FFE2C82875A8}.Release|Any CPU.Build.0 = Release|Any CPU
		{09E08371-9871-4DF0-BD9C-256A5E1BF8C0}.Debug|Any CPU.ActiveCfg = Debug|Any CPU
		{09E08371-9871-4DF0-BD9C-256A5E1BF8C0}.Debug|Any CPU.Build.0 = Debug|Any CPU
		{09E08371-9871-4DF0-BD9C-256A5E1BF8C0}.Release|Any CPU.ActiveCfg = Release|Any CPU
		{09E08371-9871-4DF0-BD9C-256A5E1BF8C0}.Release|Any CPU.Build.0 = Release|Any CPU
		{F8FE6872-4737-4B95-8B0C-CC9C3CD08916}.Debug|Any CPU.ActiveCfg = Debug|Any CPU
		{F8FE6872-4737-4B95-8B0C-CC9C3CD08916}.Debug|Any CPU.Build.0 = Debug|Any CPU
		{F8FE6872-4737-4B95-8B0C-CC9C3CD08916}.Release|Any CPU.ActiveCfg = Release|Any CPU
		{F8FE6872-4737-4B95-8B0C-CC9C3CD08916}.Release|Any CPU.Build.0 = Release|Any CPU
	EndGlobalSection
	GlobalSection(SolutionProperties) = preSolution
		HideSolutionNode = FALSE
	EndGlobalSection
EndGlobal
